
Microsoft Visual Studio Solution File, Format Version 12.00
# Visual Studio Version 17
VisualStudioVersion = 17.10.35027.167
MinimumVisualStudioVersion = 10.0.40219.1
Project("{FAE04EC0-301F-11D3-BF4B-00C04F79EFBC}") = "MyWebsite.FileAPI", "MyWebsite.FileAPI\MyWebsite.FileAPI.csproj", "{20E015E8-300E-4943-A088-702A655D8618}"
EndProject
Project("{FAE04EC0-301F-11D3-BF4B-00C04F79EFBC}") = "MyWebSite.AuthAPI", "MyWebSite.AuthAPI\MyWebSite.AuthAPI.csproj", "{3D78C866-701E-420F-A1E9-63E9964361DC}"
EndProject
Project("{FAE04EC0-301F-11D3-BF4B-00C04F79EFBC}") = "MyWebSite.DataAPI", "MyWebSite.DataAPI\MyWebSite.DataAPI.csproj", "{C556C380-9D1A-47C5-9E0D-2214C0FC630E}"
EndProject
Project("{FAE04EC0-301F-11D3-BF4B-00C04F79EFBC}") = "MyWebSite.AdminUI", "MyWebSite.AdminUI\MyWebSite.AdminUI.csproj", "{9EA89CC0-13AD-4D15-9218-8C618BAAA2FF}"
EndProject
Project("{FAE04EC0-301F-11D3-BF4B-00C04F79EFBC}") = "MyWebSite.UI", "MyWebSite.UI\MyWebSite.UI.csproj", "{F5B366A6-8136-4714-B31D-62DBA9171DC6}"
EndProject
Project("{2150E333-8FDC-42A3-9474-1A3956D46DE8}") = "UI", "UI", "{3CAAA9F7-9162-4655-B2B0-B06B98AC0CDE}"
EndProject
Project("{2150E333-8FDC-42A3-9474-1A3956D46DE8}") = "src", "src", "{9B898519-B584-435A-A22D-04F8C6C485B9}"
EndProject
Project("{2150E333-8FDC-42A3-9474-1A3956D46DE8}") = "Core", "Core", "{7C600A08-6266-49C9-9F87-1FB8688A782A}"
EndProject
Project("{2150E333-8FDC-42A3-9474-1A3956D46DE8}") = "Infrastructure", "Infrastructure", "{FBE8285A-9C62-422A-90F2-B0ECF37B6D5E}"
EndProject
Project("{2150E333-8FDC-42A3-9474-1A3956D46DE8}") = "Presentation", "Presentation", "{EB683A77-9963-44E6-9ADB-7EA518F84FAB}"
EndProject
Project("{FAE04EC0-301F-11D3-BF4B-00C04F79EFBC}") = "Domain", "Domain\Domain.csproj", "{F772B8AF-20C6-4CC4-8E0D-DC25ACE7BA96}"
EndProject
Project("{FAE04EC0-301F-11D3-BF4B-00C04F79EFBC}") = "Application", "Application\Application.csproj", "{9F9693B9-D670-4F31-9580-3EDEA6C8D9B7}"
EndProject
Project("{FAE04EC0-301F-11D3-BF4B-00C04F79EFBC}") = "Infrastructure", "Infrastructure\Infrastructure.csproj", "{7F816171-EE40-445A-90A4-CCBC7C05E90F}"
EndProject
Project("{FAE04EC0-301F-11D3-BF4B-00C04F79EFBC}") = "Persistence", "Persistence\Persistence.csproj", "{40A3CBC7-B20D-400B-AC9D-4CE8D274ED04}"
EndProject
Global
	GlobalSection(SolutionConfigurationPlatforms) = preSolution
		Debug|Any CPU = Debug|Any CPU
		Release|Any CPU = Release|Any CPU
	EndGlobalSection
	GlobalSection(ProjectConfigurationPlatforms) = postSolution
		{20E015E8-300E-4943-A088-702A655D8618}.Debug|Any CPU.ActiveCfg = Debug|Any CPU
		{20E015E8-300E-4943-A088-702A655D8618}.Debug|Any CPU.Build.0 = Debug|Any CPU
		{20E015E8-300E-4943-A088-702A655D8618}.Release|Any CPU.ActiveCfg = Release|Any CPU
		{20E015E8-300E-4943-A088-702A655D8618}.Release|Any CPU.Build.0 = Release|Any CPU
		{3D78C866-701E-420F-A1E9-63E9964361DC}.Debug|Any CPU.ActiveCfg = Debug|Any CPU
		{3D78C866-701E-420F-A1E9-63E9964361DC}.Debug|Any CPU.Build.0 = Debug|Any CPU
		{3D78C866-701E-420F-A1E9-63E9964361DC}.Release|Any CPU.ActiveCfg = Release|Any CPU
		{3D78C866-701E-420F-A1E9-63E9964361DC}.Release|Any CPU.Build.0 = Release|Any CPU
		{C556C380-9D1A-47C5-9E0D-2214C0FC630E}.Debug|Any CPU.ActiveCfg = Debug|Any CPU
		{C556C380-9D1A-47C5-9E0D-2214C0FC630E}.Debug|Any CPU.Build.0 = Debug|Any CPU
		{C556C380-9D1A-47C5-9E0D-2214C0FC630E}.Release|Any CPU.ActiveCfg = Release|Any CPU
		{C556C380-9D1A-47C5-9E0D-2214C0FC630E}.Release|Any CPU.Build.0 = Release|Any CPU
		{9EA89CC0-13AD-4D15-9218-8C618BAAA2FF}.Debug|Any CPU.ActiveCfg = Debug|Any CPU
		{9EA89CC0-13AD-4D15-9218-8C618BAAA2FF}.Debug|Any CPU.Build.0 = Debug|Any CPU
		{9EA89CC0-13AD-4D15-9218-8C618BAAA2FF}.Release|Any CPU.ActiveCfg = Release|Any CPU
		{9EA89CC0-13AD-4D15-9218-8C618BAAA2FF}.Release|Any CPU.Build.0 = Release|Any CPU
		{F5B366A6-8136-4714-B31D-62DBA9171DC6}.Debug|Any CPU.ActiveCfg = Debug|Any CPU
		{F5B366A6-8136-4714-B31D-62DBA9171DC6}.Debug|Any CPU.Build.0 = Debug|Any CPU
		{F5B366A6-8136-4714-B31D-62DBA9171DC6}.Release|Any CPU.ActiveCfg = Release|Any CPU
		{F5B366A6-8136-4714-B31D-62DBA9171DC6}.Release|Any CPU.Build.0 = Release|Any CPU
		{F772B8AF-20C6-4CC4-8E0D-DC25ACE7BA96}.Debug|Any CPU.ActiveCfg = Debug|Any CPU
		{F772B8AF-20C6-4CC4-8E0D-DC25ACE7BA96}.Debug|Any CPU.Build.0 = Debug|Any CPU
		{F772B8AF-20C6-4CC4-8E0D-DC25ACE7BA96}.Release|Any CPU.ActiveCfg = Release|Any CPU
		{F772B8AF-20C6-4CC4-8E0D-DC25ACE7BA96}.Release|Any CPU.Build.0 = Release|Any CPU
		{9F9693B9-D670-4F31-9580-3EDEA6C8D9B7}.Debug|Any CPU.ActiveCfg = Debug|Any CPU
		{9F9693B9-D670-4F31-9580-3EDEA6C8D9B7}.Debug|Any CPU.Build.0 = Debug|Any CPU
		{9F9693B9-D670-4F31-9580-3EDEA6C8D9B7}.Release|Any CPU.ActiveCfg = Release|Any CPU
		{9F9693B9-D670-4F31-9580-3EDEA6C8D9B7}.Release|Any CPU.Build.0 = Release|Any CPU
		{7F816171-EE40-445A-90A4-CCBC7C05E90F}.Debug|Any CPU.ActiveCfg = Debug|Any CPU
		{7F816171-EE40-445A-90A4-CCBC7C05E90F}.Debug|Any CPU.Build.0 = Debug|Any CPU
		{7F816171-EE40-445A-90A4-CCBC7C05E90F}.Release|Any CPU.ActiveCfg = Release|Any CPU
		{7F816171-EE40-445A-90A4-CCBC7C05E90F}.Release|Any CPU.Build.0 = Release|Any CPU
		{40A3CBC7-B20D-400B-AC9D-4CE8D274ED04}.Debug|Any CPU.ActiveCfg = Debug|Any CPU
		{40A3CBC7-B20D-400B-AC9D-4CE8D274ED04}.Debug|Any CPU.Build.0 = Debug|Any CPU
		{40A3CBC7-B20D-400B-AC9D-4CE8D274ED04}.Release|Any CPU.ActiveCfg = Release|Any CPU
		{40A3CBC7-B20D-400B-AC9D-4CE8D274ED04}.Release|Any CPU.Build.0 = Release|Any CPU
	EndGlobalSection
	GlobalSection(SolutionProperties) = preSolution
		HideSolutionNode = FALSE
	EndGlobalSection
	GlobalSection(NestedProjects) = preSolution
		{20E015E8-300E-4943-A088-702A655D8618} = {EB683A77-9963-44E6-9ADB-7EA518F84FAB}
		{3D78C866-701E-420F-A1E9-63E9964361DC} = {EB683A77-9963-44E6-9ADB-7EA518F84FAB}
		{C556C380-9D1A-47C5-9E0D-2214C0FC630E} = {EB683A77-9963-44E6-9ADB-7EA518F84FAB}
		{9EA89CC0-13AD-4D15-9218-8C618BAAA2FF} = {3CAAA9F7-9162-4655-B2B0-B06B98AC0CDE}
		{F5B366A6-8136-4714-B31D-62DBA9171DC6} = {3CAAA9F7-9162-4655-B2B0-B06B98AC0CDE}
		{7C600A08-6266-49C9-9F87-1FB8688A782A} = {9B898519-B584-435A-A22D-04F8C6C485B9}
		{FBE8285A-9C62-422A-90F2-B0ECF37B6D5E} = {9B898519-B584-435A-A22D-04F8C6C485B9}
		{EB683A77-9963-44E6-9ADB-7EA518F84FAB} = {9B898519-B584-435A-A22D-04F8C6C485B9}
		{F772B8AF-20C6-4CC4-8E0D-DC25ACE7BA96} = {7C600A08-6266-49C9-9F87-1FB8688A782A}
		{9F9693B9-D670-4F31-9580-3EDEA6C8D9B7} = {7C600A08-6266-49C9-9F87-1FB8688A782A}
		{7F816171-EE40-445A-90A4-CCBC7C05E90F} = {FBE8285A-9C62-422A-90F2-B0ECF37B6D5E}
		{40A3CBC7-B20D-400B-AC9D-4CE8D274ED04} = {FBE8285A-9C62-422A-90F2-B0ECF37B6D5E}
	EndGlobalSection
	GlobalSection(ExtensibilityGlobals) = postSolution
		SolutionGuid = {C163AC80-5224-4AD5-A175-4EF54C7F8A85}
	EndGlobalSection
EndGlobal
